# This file is automatically @generated by Cargo.
# It is not intended for manual editing.
version = 4

[[package]]
name = "allocator-api2"
version = "0.4.0"
source = "registry+https://github.com/rust-lang/crates.io-index"
checksum = "c880a97d28a3681c0267bd29cff89621202715b065127cd445fa0f0fe0aa2880"

[[package]]
name = "lock_api"
version = "0.4.14"
source = "registry+https://github.com/rust-lang/crates.io-index"
checksum = "224399e74b87b5f3557511d98dff8b14089b3dadafcab6bb93eab67d3aace965"
dependencies = [
 "scopeguard",
]

[[package]]
name = "lol_alloc"
version = "0.4.1"
source = "registry+https://github.com/rust-lang/crates.io-index"
checksum = "83e5106554cabc97552dcadf54f57560ae6af3276652f82ca2be06120dc4c5dc"
dependencies = [
 "spin",
]

[[package]]
name = "roofline"
version = "0.1.0"
dependencies = [
 "lol_alloc",
 "talc",
 "wasmalloc",
]

[[package]]
name = "scopeguard"
version = "1.2.0"
source = "registry+https://github.com/rust-lang/crates.io-index"
checksum = "94143f37725109f92c262ed2cf5e59bce7498c01bcc1502d7b9afe439a4e9f49"

[[package]]
name = "spin"
version = "0.9.9"
source = "registry+https://github.com/rust-lang/crates.io-index"
checksum = "3763264f6b73151db08c50ff20d7d8a0b8796e021cdea7ceedad07b80155fa0e"
dependencies = [
 "lock_api",
]

[[package]]
name = "talc"
version = "5.1.0"
source = "registry+https://github.com/rust-lang/crates.io-index"
checksum = "49661c532dfd6e4f570ef10a45cb92f6f4fce5a28245558ae48307b57b40a5b4"
dependencies = [
 "allocator-api2",
 "lock_api",
]

[[package]]
name = "wasmalloc"
version = "0.1.0"
